// !$*UTF8*$!
{
	archiveVersion = 1;
	classes = {
	};
	objectVersion = 46;
	objects = {

/* Begin PBXBuildFile section */
		4193C2211918231100886DE6 /* Foundation.framework in Frameworks */ = {isa = PBXBuildFile; fileRef = 4193C2201918231100886DE6 /* Foundation.framework */; };
		4193C2231918231100886DE6 /* CoreGraphics.framework in Frameworks */ = {isa = PBXBuildFile; fileRef = 4193C2221918231100886DE6 /* CoreGraphics.framework */; };
		4193C2251918231100886DE6 /* UIKit.framework in Frameworks */ = {isa = PBXBuildFile; fileRef = 4193C2241918231100886DE6 /* UIKit.framework */; };
		4193C2271918231100886DE6 /* CoreData.framework in Frameworks */ = {isa = PBXBuildFile; fileRef = 4193C2261918231100886DE6 /* CoreData.framework */; };
		4193C22D1918231100886DE6 /* InfoPlist.strings in Resources */ = {isa = PBXBuildFile; fileRef = 4193C22B1918231100886DE6 /* InfoPlist.strings */; };
		4193C22F1918231100886DE6 /* main.m in Sources */ = {isa = PBXBuildFile; fileRef = 4193C22E1918231100886DE6 /* main.m */; };
		4193C2331918231100886DE6 /* AppDelegate.m in Sources */ = {isa = PBXBuildFile; fileRef = 4193C2321918231100886DE6 /* AppDelegate.m */; };
		4193C2361918231100886DE6 /* MyFavoriteCharacters.xcdatamodeld in Sources */ = {isa = PBXBuildFile; fileRef = 4193C2341918231100886DE6 /* MyFavoriteCharacters.xcdatamodeld */; };
		4193C2381918231100886DE6 /* Images.xcassets in Resources */ = {isa = PBXBuildFile; fileRef = 4193C2371918231100886DE6 /* Images.xcassets */; };
		4193C23F1918231100886DE6 /* XCTest.framework in Frameworks */ = {isa = PBXBuildFile; fileRef = 4193C23E1918231100886DE6 /* XCTest.framework */; };
		4193C2401918231100886DE6 /* Foundation.framework in Frameworks */ = {isa = PBXBuildFile; fileRef = 4193C2201918231100886DE6 /* Foundation.framework */; };
		4193C2411918231100886DE6 /* UIKit.framework in Frameworks */ = {isa = PBXBuildFile; fileRef = 4193C2241918231100886DE6 /* UIKit.framework */; };
		4193C2421918231100886DE6 /* CoreData.framework in Frameworks */ = {isa = PBXBuildFile; fileRef = 4193C2261918231100886DE6 /* CoreData.framework */; };
		4193C24A1918231100886DE6 /* InfoPlist.strings in Resources */ = {isa = PBXBuildFile; fileRef = 4193C2481918231100886DE6 /* InfoPlist.strings */; };
		4193C24C1918231100886DE6 /* MyFavoriteCharactersTests.m in Sources */ = {isa = PBXBuildFile; fileRef = 4193C24B1918231100886DE6 /* MyFavoriteCharactersTests.m */; };
		4193C2561918232F00886DE6 /* Storyboard.storyboard in Resources */ = {isa = PBXBuildFile; fileRef = 4193C2551918232F00886DE6 /* Storyboard.storyboard */; };
		4193C259191823F500886DE6 /* FavoriteCharacters.m in Sources */ = {isa = PBXBuildFile; fileRef = 4193C258191823F500886DE6 /* FavoriteCharacters.m */; };
		4193C25C191824B300886DE6 /* RootViewController.m in Sources */ = {isa = PBXBuildFile; fileRef = 4193C25B191824B300886DE6 /* RootViewController.m */; };
/* End PBXBuildFile section */

/* Begin PBXContainerItemProxy section */
		4193C2431918231100886DE6 /* PBXContainerItemProxy */ = {
			isa = PBXContainerItemProxy;
			containerPortal = 4193C2151918231100886DE6 /* Project object */;
			proxyType = 1;
			remoteGlobalIDString = 4193C21C1918231100886DE6;
			remoteInfo = MyFavoriteCharacters;
		};
/* End PBXContainerItemProxy section */

/* Begin PBXFileReference section */
		4193C21D1918231100886DE6 /* MyFavoriteCharacters.app */ = {isa = PBXFileReference; explicitFileType = wrapper.application; includeInIndex = 0; path = MyFavoriteCharacters.app; sourceTree = BUILT_PRODUCTS_DIR; };
		4193C2201918231100886DE6 /* Foundation.framework */ = {isa = PBXFileReference; lastKnownFileType = wrapper.framework; name = Foundation.framework; path = System/Library/Frameworks/Foundation.framework; sourceTree = SDKROOT; };
		4193C2221918231100886DE6 /* CoreGraphics.framework */ = {isa = PBXFileReference; lastKnownFileType = wrapper.framework; name = CoreGraphics.framework; path = System/Library/Frameworks/CoreGraphics.framework; sourceTree = SDKROOT; };
		4193C2241918231100886DE6 /* UIKit.framework */ = {isa = PBXFileReference; lastKnownFileType = wrapper.framework; name = UIKit.framework; path = System/Library/Frameworks/UIKit.framework; sourceTree = SDKROOT; };
		4193C2261918231100886DE6 /* CoreData.framework */ = {isa = PBXFileReference; lastKnownFileType = wrapper.framework; name = CoreData.framework; path = System/Library/Frameworks/CoreData.framework; sourceTree = SDKROOT; };
		4193C22A1918231100886DE6 /* MyFavoriteCharacters-Info.plist */ = {isa = PBXFileReference; lastKnownFileType = text.plist.xml; path = "MyFavoriteCharacters-Info.plist"; sourceTree = "<group>"; };
		4193C22C1918231100886DE6 /* en */ = {isa = PBXFileReference; lastKnownFileType = text.plist.strings; name = en; path = en.lproj/InfoPlist.strings; sourceTree = "<group>"; };
		4193C22E1918231100886DE6 /* main.m */ = {isa = PBXFileReference; lastKnownFileType = sourcecode.c.objc; path = main.m; sourceTree = "<group>"; };
		4193C2301918231100886DE6 /* MyFavoriteCharacters-Prefix.pch */ = {isa = PBXFileReference; lastKnownFileType = sourcecode.c.h; path = "MyFavoriteCharacters-Prefix.pch"; sourceTree = "<group>"; };
		4193C2311918231100886DE6 /* AppDelegate.h */ = {isa = PBXFileReference; lastKnownFileType = sourcecode.c.h; path = AppDelegate.h; sourceTree = "<group>"; };
		4193C2321918231100886DE6 /* AppDelegate.m */ = {isa = PBXFileReference; lastKnownFileType = sourcecode.c.objc; path = AppDelegate.m; sourceTree = "<group>"; };
		4193C2351918231100886DE6 /* MyFavoriteCharacters.xcdatamodel */ = {isa = PBXFileReference; lastKnownFileType = wrapper.xcdatamodel; path = MyFavoriteCharacters.xcdatamodel; sourceTree = "<group>"; };
		4193C2371918231100886DE6 /* Images.xcassets */ = {isa = PBXFileReference; lastKnownFileType = folder.assetcatalog; path = Images.xcassets; sourceTree = "<group>"; };
		4193C23D1918231100886DE6 /* MyFavoriteCharactersTests.xctest */ = {isa = PBXFileReference; explicitFileType = wrapper.cfbundle; includeInIndex = 0; path = MyFavoriteCharactersTests.xctest; sourceTree = BUILT_PRODUCTS_DIR; };
		4193C23E1918231100886DE6 /* XCTest.framework */ = {isa = PBXFileReference; lastKnownFileType = wrapper.framework; name = XCTest.framework; path = Library/Frameworks/XCTest.framework; sourceTree = DEVELOPER_DIR; };
		4193C2471918231100886DE6 /* MyFavoriteCharactersTests-Info.plist */ = {isa = PBXFileReference; lastKnownFileType = text.plist.xml; path = "MyFavoriteCharactersTests-Info.plist"; sourceTree = "<group>"; };
		4193C2491918231100886DE6 /* en */ = {isa = PBXFileReference; lastKnownFileType = text.plist.strings; name = en; path = en.lproj/InfoPlist.strings; sourceTree = "<group>"; };
		4193C24B1918231100886DE6 /* MyFavoriteCharactersTests.m */ = {isa = PBXFileReference; lastKnownFileType = sourcecode.c.objc; path = MyFavoriteCharactersTests.m; sourceTree = "<group>"; };
		4193C2551918232F00886DE6 /* Storyboard.storyboard */ = {isa = PBXFileReference; fileEncoding = 4; lastKnownFileType = file.storyboard; name = Storyboard.storyboard; path = ../Storyboard.storyboard; sourceTree = "<group>"; };
		4193C257191823F500886DE6 /* FavoriteCharacters.h */ = {isa = PBXFileReference; fileEncoding = 4; lastKnownFileType = sourcecode.c.h; path = FavoriteCharacters.h; sourceTree = "<group>"; };
		4193C258191823F500886DE6 /* FavoriteCharacters.m */ = {isa = PBXFileReference; fileEncoding = 4; lastKnownFileType = sourcecode.c.objc; path = FavoriteCharacters.m; sourceTree = "<group>"; };
		4193C25A191824B300886DE6 /* RootViewController.h */ = {isa = PBXFileReference; fileEncoding = 4; lastKnownFileType = sourcecode.c.h; path = RootViewController.h; sourceTree = "<group>"; };
		4193C25B191824B300886DE6 /* RootViewController.m */ = {isa = PBXFileReference; fileEncoding = 4; lastKnownFileType = sourcecode.c.objc; path = RootViewController.m; sourceTree = "<group>"; };
/* End PBXFileReference section */

/* Begin PBXFrameworksBuildPhase section */
		4193C21A1918231100886DE6 /* Frameworks */ = {
			isa = PBXFrameworksBuildPhase;
			buildActionMask = 2147483647;
			files = (
				4193C2231918231100886DE6 /* CoreGraphics.framework in Frameworks */,
				4193C2271918231100886DE6 /* CoreData.framework in Frameworks */,
				4193C2251918231100886DE6 /* UIKit.framework in Frameworks */,
				4193C2211918231100886DE6 /* Foundation.framework in Frameworks */,
			);
			runOnlyForDeploymentPostprocessing = 0;
		};
		4193C23A1918231100886DE6 /* Frameworks */ = {
			isa = PBXFrameworksBuildPhase;
			buildActionMask = 2147483647;
			files = (
				4193C23F1918231100886DE6 /* XCTest.framework in Frameworks */,
				4193C2421918231100886DE6 /* CoreData.framework in Frameworks */,
				4193C2411918231100886DE6 /* UIKit.framework in Frameworks */,
				4193C2401918231100886DE6 /* Foundation.framework in Frameworks */,
			);
			runOnlyForDeploymentPostprocessing = 0;
		};
/* End PBXFrameworksBuildPhase section */

/* Begin PBXGroup section */
		4193C2141918231100886DE6 = {
			isa = PBXGroup;
			children = (
				4193C2281918231100886DE6 /* MyFavoriteCharacters */,
				4193C2451918231100886DE6 /* MyFavoriteCharactersTests */,
				4193C21F1918231100886DE6 /* Frameworks */,
				4193C21E1918231100886DE6 /* Products */,
			);
			sourceTree = "<group>";
		};
		4193C21E1918231100886DE6 /* Products */ = {
			isa = PBXGroup;
			children = (
				4193C21D1918231100886DE6 /* MyFavoriteCharacters.app */,
				4193C23D1918231100886DE6 /* MyFavoriteCharactersTests.xctest */,
			);
			name = Products;
			sourceTree = "<group>";
		};
		4193C21F1918231100886DE6 /* Frameworks */ = {
			isa = PBXGroup;
			children = (
				4193C2201918231100886DE6 /* Foundation.framework */,
				4193C2221918231100886DE6 /* CoreGraphics.framework */,
				4193C2241918231100886DE6 /* UIKit.framework */,
				4193C2261918231100886DE6 /* CoreData.framework */,
				4193C23E1918231100886DE6 /* XCTest.framework */,
			);
			name = Frameworks;
			sourceTree = "<group>";
		};
		4193C2281918231100886DE6 /* MyFavoriteCharacters */ = {
			isa = PBXGroup;
			children = (
				4193C2311918231100886DE6 /* AppDelegate.h */,
				4193C2321918231100886DE6 /* AppDelegate.m */,
				4193C25A191824B300886DE6 /* RootViewController.h */,
				4193C25B191824B300886DE6 /* RootViewController.m */,
				4193C2551918232F00886DE6 /* Storyboard.storyboard */,
				4193C2371918231100886DE6 /* Images.xcassets */,
				4193C2341918231100886DE6 /* MyFavoriteCharacters.xcdatamodeld */,
				4193C257191823F500886DE6 /* FavoriteCharacters.h */,
				4193C258191823F500886DE6 /* FavoriteCharacters.m */,
				4193C2291918231100886DE6 /* Supporting Files */,
			);
			path = MyFavoriteCharacters;
			sourceTree = "<group>";
		};
		4193C2291918231100886DE6 /* Supporting Files */ = {
			isa = PBXGroup;
			children = (
				4193C22A1918231100886DE6 /* MyFavoriteCharacters-Info.plist */,
				4193C22B1918231100886DE6 /* InfoPlist.strings */,
				4193C22E1918231100886DE6 /* main.m */,
				4193C2301918231100886DE6 /* MyFavoriteCharacters-Prefix.pch */,
			);
			name = "Supporting Files";
			sourceTree = "<group>";
		};
		4193C2451918231100886DE6 /* MyFavoriteCharactersTests */ = {
			isa = PBXGroup;
			children = (
				4193C24B1918231100886DE6 /* MyFavoriteCharactersTests.m */,
				4193C2461918231100886DE6 /* Supporting Files */,
			);
			path = MyFavoriteCharactersTests;
			sourceTree = "<group>";
		};
		4193C2461918231100886DE6 /* Supporting Files */ = {
			isa = PBXGroup;
			children = (
				4193C2471918231100886DE6 /* MyFavoriteCharactersTests-Info.plist */,
				4193C2481918231100886DE6 /* InfoPlist.strings */,
			);
			name = "Supporting Files";
			sourceTree = "<group>";
		};
/* End PBXGroup section */

/* Begin PBXNativeTarget section */
		4193C21C1918231100886DE6 /* MyFavoriteCharacters */ = {
			isa = PBXNativeTarget;
			buildConfigurationList = 4193C24F1918231100886DE6 /* Build configuration list for PBXNativeTarget "MyFavoriteCharacters" */;
			buildPhases = (
				4193C2191918231100886DE6 /* Sources */,
				4193C21A1918231100886DE6 /* Frameworks */,
				4193C21B1918231100886DE6 /* Resources */,
			);
			buildRules = (
			);
			dependencies = (
			);
			name = MyFavoriteCharacters;
			productName = MyFavoriteCharacters;
			productReference = 4193C21D1918231100886DE6 /* MyFavoriteCharacters.app */;
			productType = "com.apple.product-type.application";
		};
		4193C23C1918231100886DE6 /* MyFavoriteCharactersTests */ = {
			isa = PBXNativeTarget;
			buildConfigurationList = 4193C2521918231100886DE6 /* Build configuration list for PBXNativeTarget "MyFavoriteCharactersTests" */;
			buildPhases = (
				4193C2391918231100886DE6 /* Sources */,
				4193C23A1918231100886DE6 /* Frameworks */,
				4193C23B1918231100886DE6 /* Resources */,
			);
			buildRules = (
			);
			dependencies = (
				4193C2441918231100886DE6 /* PBXTargetDependency */,
			);
			name = MyFavoriteCharactersTests;
			productName = MyFavoriteCharactersTests;
			productReference = 4193C23D1918231100886DE6 /* MyFavoriteCharactersTests.xctest */;
			productType = "com.apple.product-type.bundle.unit-test";
		};
/* End PBXNativeTarget section */

/* Begin PBXProject section */
		4193C2151918231100886DE6 /* Project object */ = {
			isa = PBXProject;
			attributes = {
				LastUpgradeCheck = 0510;
				ORGANIZATIONNAME = "Jian Yao Ang";
				TargetAttributes = {
					4193C23C1918231100886DE6 = {
						TestTargetID = 4193C21C1918231100886DE6;
					};
				};
			};
			buildConfigurationList = 4193C2181918231100886DE6 /* Build configuration list for PBXProject "MyFavoriteCharacters" */;
			compatibilityVersion = "Xcode 3.2";
			developmentRegion = English;
			hasScannedForEncodings = 0;
			knownRegions = (
				en,
			);
			mainGroup = 4193C2141918231100886DE6;
			productRefGroup = 4193C21E1918231100886DE6 /* Products */;
			projectDirPath = "";
			projectRoot = "";
			targets = (
				4193C21C1918231100886DE6 /* MyFavoriteCharacters */,
				4193C23C1918231100886DE6 /* MyFavoriteCharactersTests */,
			);
		};
/* End PBXProject section */

/* Begin PBXResourcesBuildPhase section */
		4193C21B1918231100886DE6 /* Resources */ = {
			isa = PBXResourcesBuildPhase;
			buildActionMask = 2147483647;
			files = (
				4193C22D1918231100886DE6 /* InfoPlist.strings in Resources */,
				4193C2381918231100886DE6 /* Images.xcassets in Resources */,
				4193C2561918232F00886DE6 /* Storyboard.storyboard in Resources */,
			);
			runOnlyForDeploymentPostprocessing = 0;
		};
		4193C23B1918231100886DE6 /* Resources */ = {
			isa = PBXResourcesBuildPhase;
			buildActionMask = 2147483647;
			files = (
				4193C24A1918231100886DE6 /* InfoPlist.strings in Resources */,
			);
			runOnlyForDeploymentPostprocessing = 0;
		};
/* End PBXResourcesBuildPhase section */

/* Begin PBXSourcesBuildPhase section */
		4193C2191918231100886DE6 /* Sources */ = {
			isa = PBXSourcesBuildPhase;
			buildActionMask = 2147483647;
			files = (
				4193C2331918231100886DE6 /* AppDelegate.m in Sources */,
				4193C2361918231100886DE6 /* MyFavoriteCharacters.xcdatamodeld in Sources */,
				4193C22F1918231100886DE6 /* main.m in Sources */,
				4193C259191823F500886DE6 /* FavoriteCharacters.m in Sources */,
				4193C25C191824B300886DE6 /* RootViewController.m in Sources */,
			);
			runOnlyForDeploymentPostprocessing = 0;
		};
		4193C2391918231100886DE6 /* Sources */ = {
			isa = PBXSourcesBuildPhase;
			buildActionMask = 2147483647;
			files = (
				4193C24C1918231100886DE6 /* MyFavoriteCharactersTests.m in Sources */,
			);
			runOnlyForDeploymentPostprocessing = 0;
		};
/* End PBXSourcesBuildPhase section */

/* Begin PBXTargetDependency section */
		4193C2441918231100886DE6 /* PBXTargetDependency */ = {
			isa = PBXTargetDependency;
			target = 4193C21C1918231100886DE6 /* MyFavoriteCharacters */;
			targetProxy = 4193C2431918231100886DE6 /* PBXContainerItemProxy */;
		};
/* End PBXTargetDependency section */

/* Begin PBXVariantGroup section */
		4193C22B1918231100886DE6 /* InfoPlist.strings */ = {
			isa = PBXVariantGroup;
			children = (
				4193C22C1918231100886DE6 /* en */,
			);
			name = InfoPlist.strings;
			sourceTree = "<group>";
		};
		4193C2481918231100886DE6 /* InfoPlist.strings */ = {
			isa = PBXVariantGroup;
			children = (
				4193C2491918231100886DE6 /* en */,
			);
			name = InfoPlist.strings;
			sourceTree = "<group>";
		};
/* End PBXVariantGroup section */

/* Begin XCBuildConfiguration section */
		4193C24D1918231100886DE6 /* Debug */ = {
			isa = XCBuildConfiguration;
			buildSettings = {
				ALWAYS_SEARCH_USER_PATHS = NO;
				CLANG_CXX_LANGUAGE_STANDARD = "gnu++0x";
				CLANG_CXX_LIBRARY = "libc++";
				CLANG_ENABLE_MODULES = YES;
				CLANG_ENABLE_OBJC_ARC = YES;
				CLANG_WARN_BOOL_CONVERSION = YES;
				CLANG_WARN_CONSTANT_CONVERSION = YES;
				CLANG_WARN_DIRECT_OBJC_ISA_USAGE = YES_ERROR;
				CLANG_WARN_EMPTY_BODY = YES;
				CLANG_WARN_ENUM_CONVERSION = YES;
				CLANG_WARN_INT_CONVERSION = YES;
				CLANG_WARN_OBJC_ROOT_CLASS = YES_ERROR;
				CLANG_WARN__DUPLICATE_METHOD_MATCH = YES;
				"CODE_SIGN_IDENTITY[sdk=iphoneos*]" = "iPhone Developer";
				COPY_PHASE_STRIP = NO;
				GCC_C_LANGUAGE_STANDARD = gnu99;
				GCC_DYNAMIC_NO_PIC = NO;
				GCC_OPTIMIZATION_LEVEL = 0;
				GCC_PREPROCESSOR_DEFINITIONS = (
					"DEBUG=1",
					"$(inherited)",
				);
				GCC_SYMBOLS_PRIVATE_EXTERN = NO;
				GCC_WARN_64_TO_32_BIT_CONVERSION = YES;
				GCC_WARN_ABOUT_RETURN_TYPE = YES_ERROR;
				GCC_WARN_UNDECLARED_SELECTOR = YES;
				GCC_WARN_UNINITIALIZED_AUTOS = YES_AGGRESSIVE;
				GCC_WARN_UNUSED_FUNCTION = YES;
				GCC_WARN_UNUSED_VARIABLE = YES;
				IPHONEOS_DEPLOYMENT_TARGET = 7.1;
				ONLY_ACTIVE_ARCH = YES;
				SDKROOT = iphoneos;
			};
			name = Debug;
		};
		4193C24E1918231100886DE6 /* Release */ = {
			isa = XCBuildConfiguration;
			buildSettings = {
				ALWAYS_SEARCH_USER_PATHS = NO;
				CLANG_CXX_LANGUAGE_STANDARD = "gnu++0x";
				CLANG_CXX_LIBRARY = "libc++";
				CLANG_ENABLE_MODULES = YES;
				CLANG_ENABLE_OBJC_ARC = YES;
				CLANG_WARN_BOOL_CONVERSION = YES;
				CLANG_WARN_CONSTANT_CONVERSION = YES;
				CLANG_WARN_DIRECT_OBJC_ISA_USAGE = YES_ERROR;
				CLANG_WARN_EMPTY_BODY = YES;
				CLANG_WARN_ENUM_CONVERSION = YES;
				CLANG_WARN_INT_CONVERSION = YES;
				CLANG_WARN_OBJC_ROOT_CLASS = YES_ERROR;
				CLANG_WARN__DUPLICATE_METHOD_MATCH = YES;
				"CODE_SIGN_IDENTITY[sdk=iphoneos*]" = "iPhone Developer";
				COPY_PHASE_STRIP = YES;
				ENABLE_NS_ASSERTIONS = NO;
				GCC_C_LANGUAGE_STANDARD = gnu99;
				GCC_WARN_64_TO_32_BIT_CONVERSION = YES;
				GCC_WARN_ABOUT_RETURN_TYPE = YES_ERROR;
				GCC_WARN_UNDECLARED_SELECTOR = YES;
				GCC_WARN_UNINITIALIZED_AUTOS = YES_AGGRESSIVE;
				GCC_WARN_UNUSED_FUNCTION = YES;
				GCC_WARN_UNUSED_VARIABLE = YES;
				IPHONEOS_DEPLOYMENT_TARGET = 7.1;
				SDKROOT = iphoneos;
				VALIDATE_PRODUCT = YES;
			};
			name = Release;
		};
		4193C2501918231100886DE6 /* Debug */ = {
			isa = XCBuildConfiguration;
			buildSettings = {
				ASSETCATALOG_COMPILER_APPICON_NAME = AppIcon;
				ASSETCATALOG_COMPILER_LAUNCHIMAGE_NAME = LaunchImage;
				GCC_PRECOMPILE_PREFIX_HEADER = YES;
				GCC_PREFIX_HEADER = "MyFavoriteCharacters/MyFavoriteCharacters-Prefix.pch";
				INFOPLIST_FILE = "MyFavoriteCharacters/MyFavoriteCharacters-Info.plist";
				PRODUCT_NAME = "$(TARGET_NAME)";
				WRAPPER_EXTENSION = app;
			};
			name = Debug;
		};
		4193C2511918231100886DE6 /* Release */ = {
			isa = XCBuildConfiguration;
			buildSettings = {
				ASSETCATALOG_COMPILER_APPICON_NAME = AppIcon;
				ASSETCATALOG_COMPILER_LAUNCHIMAGE_NAME = LaunchImage;
				GCC_PRECOMPILE_PREFIX_HEADER = YES;
				GCC_PREFIX_HEADER = "MyFavoriteCharacters/MyFavoriteCharacters-Prefix.pch";
				INFOPLIST_FILE = "MyFavoriteCharacters/MyFavoriteCharacters-Info.plist";
				PRODUCT_NAME = "$(TARGET_NAME)";
				WRAPPER_EXTENSION = app;
			};
			name = Release;
		};
		4193C2531918231100886DE6 /* Debug */ = {
			isa = XCBuildConfiguration;
			buildSettings = {
				BUNDLE_LOADER = "$(BUILT_PRODUCTS_DIR)/MyFavoriteCharacters.app/MyFavoriteCharacters";
				FRAMEWORK_SEARCH_PATHS = (
					"$(SDKROOT)/Developer/Library/Frameworks",
					"$(inherited)",
					"$(DEVELOPER_FRAMEWORKS_DIR)",
				);
				GCC_PRECOMPILE_PREFIX_HEADER = YES;
				GCC_PREFIX_HEADER = "MyFavoriteCharacters/MyFavoriteCharacters-Prefix.pch";
				GCC_PREPROCESSOR_DEFINITIONS = (
					"DEBUG=1",
					"$(inherited)",
				);
				INFOPLIST_FILE = "MyFavoriteCharactersTests/MyFavoriteCharactersTests-Info.plist";
				PRODUCT_NAME = "$(TARGET_NAME)";
				TEST_HOST = "$(BUNDLE_LOADER)";
				WRAPPER_EXTENSION = xctest;
			};
			name = Debug;
		};
		4193C2541918231100886DE6 /* Release */ = {
			isa = XCBuildConfiguration;
			buildSettings = {
				BUNDLE_LOADER = "$(BUILT_PRODUCTS_DIR)/MyFavoriteCharacters.app/MyFavoriteCharacters";
				FRAMEWORK_SEARCH_PATHS = (
					"$(SDKROOT)/Developer/Library/Frameworks",
					"$(inherited)",
					"$(DEVELOPER_FRAMEWORKS_DIR)",
				);
				GCC_PRECOMPILE_PREFIX_HEADER = YES;
				GCC_PREFIX_HEADER = "MyFavoriteCharacters/MyFavoriteCharacters-Prefix.pch";
				INFOPLIST_FILE = "MyFavoriteCharactersTests/MyFavoriteCharactersTests-Info.plist";
				PRODUCT_NAME = "$(TARGET_NAME)";
				TEST_HOST = "$(BUNDLE_LOADER)";
				WRAPPER_EXTENSION = xctest;
			};
			name = Release;
		};
/* End XCBuildConfiguration section */

/* Begin XCConfigurationList section */
		4193C2181918231100886DE6 /* Build configuration list for PBXProject "MyFavoriteCharacters" */ = {
			isa = XCConfigurationList;
			buildConfigurations = (
				4193C24D1918231100886DE6 /* Debug */,
				4193C24E1918231100886DE6 /* Release */,
			);
			defaultConfigurationIsVisible = 0;
			defaultConfigurationName = Release;
		};
		4193C24F1918231100886DE6 /* Build configuration list for PBXNativeTarget "MyFavoriteCharacters" */ = {
			isa = XCConfigurationList;
			buildConfigurations = (
				4193C2501918231100886DE6 /* Debug */,
				4193C2511918231100886DE6 /* Release */,
			);
			defaultConfigurationIsVisible = 0;
		};
		4193C2521918231100886DE6 /* Build configuration list for PBXNativeTarget "MyFavoriteCharactersTests" */ = {
			isa = XCConfigurationList;
			buildConfigurations = (
				4193C2531918231100886DE6 /* Debug */,
				4193C2541918231100886DE6 /* Release */,
			);
			defaultConfigurationIsVisible = 0;
		};
/* End XCConfigurationList section */

/* Begin XCVersionGroup section */
		4193C2341918231100886DE6 /* MyFavoriteCharacters.xcdatamodeld */ = {
			isa = XCVersionGroup;
			children = (
				4193C2351918231100886DE6 /* MyFavoriteCharacters.xcdatamodel */,
			);
			currentVersion = 4193C2351918231100886DE6 /* MyFavoriteCharacters.xcdatamodel */;
			path = MyFavoriteCharacters.xcdatamodeld;
			sourceTree = "<group>";
			versionGroupType = wrapper.xcdatamodel;
		};
/* End XCVersionGroup section */
	};
	rootObject = 4193C2151918231100886DE6 /* Project object */;
}
